dependencies:
- name: alloy-operator
  repository: https://grafana.github.io/helm-charts
  version: 0.5.5
- name: beyla
  repository: https://grafana.github.io/helm-charts
  version: 1.16.5
- name: kube-state-metrics
  repository: https://prometheus-community.github.io/helm-charts
  version: 7.2.2
- name: prometheus-node-exporter
  repository: https://prometheus-community.github.io/helm-charts
  version: 4.55.0
- name: prometheus-windows-exporter
  repository: https://prometheus-community.github.io/helm-charts
  version: 0.12.6
- name: kepler
  repository: https://sustainable-computing-io.github.io/kepler-helm-chart
  version: 0.6.1
digest: sha256:91965aada85b8d73a492f9c776c182dcf9bda7fd50327332f90723dd7831b26a
generated: "2026-05-04T09:30:27.637746433Z"
