dependencies:
- name: alloy-operator
  repository: https://grafana.github.io/helm-charts
  version: 0.5.7
- name: beyla
  repository: https://grafana.github.io/helm-charts
  version: 1.16.6
- name: kube-state-metrics
  repository: https://prometheus-community.github.io/helm-charts
  version: 8.4.2
- name: prometheus-node-exporter
  repository: https://prometheus-community.github.io/helm-charts
  version: 4.55.0
- name: prometheus-windows-exporter
  repository: https://prometheus-community.github.io/helm-charts
  version: 0.12.6
- name: kepler
  repository: https://sustainable-computing-io.github.io/kepler-helm-chart
  version: 0.6.1
digest: sha256:06efdab293e735d9b44585e9a2f45054d35497690e8214bdbed0e96093e40a67
generated: "2026-09-09T12:31:56.309085104Z"
